dependencies:
  Adafruit_BusIO:
    component_hash: de122cc11ae8d16ead2573195362272c4b138b8f0eb1e3fa6039bb8ed3b4bbb8
    source:
      git: https://github.com/xl9p/Adafruit_BusIO.git
      path: .
      type: git
    version: df5d0055cd3ca4b25c6ae048771d04986ada5618
  Adafruit_INA260:
    component_hash: 8e6839733bd2aac15f1773b3fd08167d283cee26e6276ee19db36f3f8f2591a6
    source:
      git: https://github.com/xl9p/Adafruit_INA260.git
      path: .
      type: git
    version: 9d4138fd444b92db26129c6b086a8b121286a926
  Adafruit_NeoPixel:
    component_hash: 2b790a8ef0123ca42a110262fe432afa123feba7cae7b253df25c7917c59634e
    source:
      git: git@github.com:xl9p/Adafruit_NeoPixel.git
      path: .
      type: git
    version: 5b342d55689a7afb1c9b23f57551b73d3761eb80
  CayenneLPP:
    component_hash: null
    source:
      path: /workspaces/node-firmware_espidf-v5.1.4/components/CayenneLPP
      type: local
    version: 1.4.0
  RadioLib:
    component_hash: null
    source:
      path: /workspaces/node-firmware_espidf-v5.1.4/components/RadioLib
      type: local
    version: 7.1.2
  SparkFun_ADXL345:
    component_hash: 29570f9745eba3b02c5918bb1f586f1c90a725d069e685317a71a32ee42c46dd
    source:
      git: https://github.com/xl9p/SparkFun_ADXL345_Arduino_Library.git
      path: .
      type: git
    version: fb9df3daae168024f682a8dafd689b41c9963d4d
  arduino:
    component_hash: b55194fcf34d030e4f96f43c2e85427edbbd00f205501ea0cdb04ceb18e0dc3e
    source:
      git: https://github.com/xl9p/arduino-esp32.git
      path: .
      type: git
    version: 78ff4548ae782faad92affcdd672111729bc30ad
  bblanchon/arduinojson:
    component_hash: 914b05e5ba8d6b99d51307d4f5bf6a5ff610c673c200c3134edcc0a7a99d04b0
    source:
      service_url: https://api.components.espressif.com/
      type: service
    version: 7.3.1
  idf:
    component_hash: null
    source:
      type: idf
    version: 5.1.4
manifest_hash: 3c767bb0e90d91717c098971fa421e665638d7ecd64ab621e61d050ceab2d10b
target: esp32s3
version: 1.0.0
