dependencies:
  Adafruit_BusIO:
    component_hash: 98eb16791351f0c4039adb0a9397272b75631461bdfc79eaa0f6c232cf8d7dec
    source:
      git: https://github.com/xl9p/Adafruit_BusIO.git
      path: .
      type: git
    version: b052ce478de8f3a8691f7a904fe28fb87ee1ff09
  Adafruit_INA260:
    component_hash: 8e6839733bd2aac15f1773b3fd08167d283cee26e6276ee19db36f3f8f2591a6
    source:
      git: https://github.com/xl9p/Adafruit_INA260.git
      path: .
      type: git
    version: 9d4138fd444b92db26129c6b086a8b121286a926
  Adafruit_NeoPixel:
    component_hash: 93619dd0d4aa55eec84ef5cc4ae02878aa313fa1c8cd3330c373fbf8e0b67179
    source:
      git: https://github.com/xl9p/Adafruit_NeoPixel.git
      path: .
      type: git
    version: 7ae72c9edf1115dfb7b8f89a223874cbbfc85910
  CayenneLPP:
    component_hash: null
    source:
      path: /workspaces/smart-dog-collar_tracker_espidf-v5.1.4/components/CayenneLPP
      type: local
    version: 1.4.0
  RadioLib:
    component_hash: null
    source:
      path: /workspaces/smart-dog-collar_tracker_espidf-v5.1.4/components/RadioLib
      type: local
    version: 7.1.2
  SparkFun_ADXL345:
    component_hash: 29570f9745eba3b02c5918bb1f586f1c90a725d069e685317a71a32ee42c46dd
    source:
      git: https://github.com/xl9p/SparkFun_ADXL345_Arduino_Library.git
      path: .
      type: git
    version: fb9df3daae168024f682a8dafd689b41c9963d4d
  arduino:
    component_hash: 4ed224e1efd8cbb7e0e7f3187a279fc05ae36f7b5c41cfb3fb4de01be17a52d8
    source:
      git: https://github.com/xl9p/arduino-esp32.git
      path: .
      type: git
    version: 71b8dcf6615191a9f87142ad0e170f103f316e57
  bblanchon/arduinojson:
    component_hash: 914b05e5ba8d6b99d51307d4f5bf6a5ff610c673c200c3134edcc0a7a99d04b0
    source:
      service_url: https://api.components.espressif.com/
      type: service
    version: 7.3.1
  espressif/esp-dsp:
    component_hash: fa7fe74305df6da25867437ebcd4213e047cbfc0556cf92067ab657fce537c6e
    source:
      service_url: https://api.components.espressif.com/
      type: service
    version: 1.5.2
  idf:
    component_hash: null
    source:
      type: idf
    version: 5.1.4
manifest_hash: 600f66e3eb85a17e3b9df65eaa77745ee9263de697eefba904e6e1c86f5ea1e0
target: esp32s3
version: 1.0.0
